
Microsoft Visual Studio Solution File, Format Version 12.00
# Visual Studio Version 18
VisualStudioVersion = 18.1.11312.151
MinimumVisualStudioVersion = 10.0.40219.1
Project("{2150E333-8FDC-42A3-9474-1A3956D46DE8}") = "UI", "UI", "{02EA681E-C7D8-13C7-8484-4AC65E1B71E8}"
EndProject
Project("{FAE04EC0-301F-11D3-BF4B-00C04F79EFBC}") = "SSDI.RequestMonitoring.UI", "SSDI.RequestMonitoring.UI\SSDI.RequestMonitoring.UI.csproj", "{FC7F27EA-F373-435B-BE31-66A1985EFBF6}"
EndProject
Global
	GlobalSection(SolutionConfigurationPlatforms) = preSolution
		Debug|Any CPU = Debug|Any CPU
		Release|Any CPU = Release|Any CPU
	EndGlobalSection
	GlobalSection(ProjectConfigurationPlatforms) = postSolution
		{FC7F27EA-F373-435B-BE31-66A1985EFBF6}.Debug|Any CPU.ActiveCfg = Debug|Any CPU
		{FC7F27EA-F373-435B-BE31-66A1985EFBF6}.Debug|Any CPU.Build.0 = Debug|Any CPU
		{FC7F27EA-F373-435B-BE31-66A1985EFBF6}.Release|Any CPU.ActiveCfg = Release|Any CPU
		{FC7F27EA-F373-435B-BE31-66A1985EFBF6}.Release|Any CPU.Build.0 = Release|Any CPU
	EndGlobalSection
	GlobalSection(SolutionProperties) = preSolution
		HideSolutionNode = FALSE
	EndGlobalSection
	GlobalSection(NestedProjects) = preSolution
		{FC7F27EA-F373-435B-BE31-66A1985EFBF6} = {02EA681E-C7D8-13C7-8484-4AC65E1B71E8}
	EndGlobalSection
	GlobalSection(ExtensibilityGlobals) = postSolution
		SolutionGuid = {B0BCA21B-15A8-4857-83F2-7D98EC682EE7}
	EndGlobalSection
EndGlobal
